
Microsoft Visual Studio Solution File, Format Version 12.00
# Visual Studio Version 16
VisualStudioVersion = 16.0.32002.261
MinimumVisualStudioVersion = 10.0.40219.1
Project("{FAE04EC0-301F-11D3-BF4B-00C04F79EFBC}") = "HealthCareProgramAPI", "HealthCareProgramAPI\HealthCareProgramAPI.csproj", "{765D3A4C-EA21-4673-83AA-CAAF04FEF556}"
EndProject
Global
	GlobalSection(SolutionConfigurationPlatforms) = preSolution
		Debug|Any CPU = Debug|Any CPU
		Release|Any CPU = Release|Any CPU
	EndGlobalSection
	GlobalSection(ProjectConfigurationPlatforms) = postSolution
		{765D3A4C-EA21-4673-83AA-CAAF04FEF556}.Debug|Any CPU.ActiveCfg = Debug|Any CPU
		{765D3A4C-EA21-4673-83AA-CAAF04FEF556}.Debug|Any CPU.Build.0 = Debug|Any CPU
		{765D3A4C-EA21-4673-83AA-CAAF04FEF556}.Release|Any CPU.ActiveCfg = Release|Any CPU
		{765D3A4C-EA21-4673-83AA-CAAF04FEF556}.Release|Any CPU.Build.0 = Release|Any CPU
	EndGlobalSection
	GlobalSection(SolutionProperties) = preSolution
		HideSolutionNode = FALSE
	EndGlobalSection
	GlobalSection(ExtensibilityGlobals) = postSolution
		SolutionGuid = {97D107EB-50A2-4836-ACA7-30F243A0A183}
	EndGlobalSection
EndGlobal
